
Microsoft Visual Studio Solution File, Format Version 12.00
# Visual Studio Version 16
VisualStudioVersion = 16.0.33328.57
MinimumVisualStudioVersion = 10.0.40219.1
Project("{FAE04EC0-301F-11D3-BF4B-00C04F79EFBC}") = "Study", "Study\Study.csproj", "{C1CD50E8-D078-4A40-800F-5195E6B40714}"
EndProject
Global
	GlobalSection(SolutionConfigurationPlatforms) = preSolution
		Debug|Any CPU = Debug|Any CPU
		Release|Any CPU = Release|Any CPU
	EndGlobalSection
	GlobalSection(ProjectConfigurationPlatforms) = postSolution
		{C1CD50E8-D078-4A40-800F-5195E6B40714}.Debug|Any CPU.ActiveCfg = Debug|Any CPU
		{C1CD50E8-D078-4A40-800F-5195E6B40714}.Debug|Any CPU.Build.0 = Debug|Any CPU
		{C1CD50E8-D078-4A40-800F-5195E6B40714}.Release|Any CPU.ActiveCfg = Release|Any CPU
		{C1CD50E8-D078-4A40-800F-5195E6B40714}.Release|Any CPU.Build.0 = Release|Any CPU
	EndGlobalSection
	GlobalSection(SolutionProperties) = preSolution
		HideSolutionNode = FALSE
	EndGlobalSection
	GlobalSection(ExtensibilityGlobals) = postSolution
		SolutionGuid = {A57D8D82-945E-40B6-9C15-7BFC5764D5E2}
	EndGlobalSection
EndGlobal
