
Microsoft Visual Studio Solution File, Format Version 12.00
# Visual Studio 15
Project("{FAE04EC0-301F-11D3-BF4B-00C04F79EFBC}") = "Assembly-CSharp", "Assembly-CSharp.csproj", "{99444395-614F-1522-8D53-9937C3A8D301}"
EndProject
Project("{FAE04EC0-301F-11D3-BF4B-00C04F79EFBC}") = "Assembly-CSharp-Editor", "Assembly-CSharp-Editor.csproj", "{A2431C9E-B12C-C7CD-96F2-C8894CF84CD5}"
EndProject
Global
	GlobalSection(SolutionConfigurationPlatforms) = preSolution
		Debug|Any CPU = Debug|Any CPU
		Release|Any CPU = Release|Any CPU
	EndGlobalSection
	GlobalSection(ProjectConfigurationPlatforms) = postSolution
		{99444395-614F-1522-8D53-9937C3A8D301}.Debug|Any CPU.ActiveCfg = Debug|Any CPU
		{99444395-614F-1522-8D53-9937C3A8D301}.Debug|Any CPU.Build.0 = Debug|Any CPU
		{99444395-614F-1522-8D53-9937C3A8D301}.Release|Any CPU.ActiveCfg = Release|Any CPU
		{99444395-614F-1522-8D53-9937C3A8D301}.Release|Any CPU.Build.0 = Release|Any CPU
		{A2431C9E-B12C-C7CD-96F2-C8894CF84CD5}.Debug|Any CPU.ActiveCfg = Debug|Any CPU
		{A2431C9E-B12C-C7CD-96F2-C8894CF84CD5}.Debug|Any CPU.Build.0 = Debug|Any CPU
		{A2431C9E-B12C-C7CD-96F2-C8894CF84CD5}.Release|Any CPU.ActiveCfg = Release|Any CPU
		{A2431C9E-B12C-C7CD-96F2-C8894CF84CD5}.Release|Any CPU.Build.0 = Release|Any CPU
	EndGlobalSection
	GlobalSection(SolutionProperties) = preSolution
		HideSolutionNode = FALSE
	EndGlobalSection
EndGlobal
