
Microsoft Visual Studio Solution File, Format Version 12.00
# Visual Studio Version 16
VisualStudioVersion = 16.0.33328.57
MinimumVisualStudioVersion = 10.0.40219.1
Project("{9A19103F-16F7-4668-BE54-9A1E7A4F7556}") = "WebApi_Server", "Web_Server\WebApi_Server\WebApi_Server.csproj", "{1C40F002-FAAA-4ACA-AE33-24BE324531B6}"
EndProject
Project("{9A19103F-16F7-4668-BE54-9A1E7A4F7556}") = "SharedData", "SharedData\SharedData.csproj", "{9376EBDB-33BD-4B12-AC2B-69D94CB4A953}"
EndProject
Global
	GlobalSection(SolutionConfigurationPlatforms) = preSolution
		Debug|Any CPU = Debug|Any CPU
		Release|Any CPU = Release|Any CPU
	EndGlobalSection
	GlobalSection(ProjectConfigurationPlatforms) = postSolution
		{1C40F002-FAAA-4ACA-AE33-24BE324531B6}.Debug|Any CPU.ActiveCfg = Debug|Any CPU
		{1C40F002-FAAA-4ACA-AE33-24BE324531B6}.Debug|Any CPU.Build.0 = Debug|Any CPU
		{1C40F002-FAAA-4ACA-AE33-24BE324531B6}.Release|Any CPU.ActiveCfg = Release|Any CPU
		{1C40F002-FAAA-4ACA-AE33-24BE324531B6}.Release|Any CPU.Build.0 = Release|Any CPU
		{9376EBDB-33BD-4B12-AC2B-69D94CB4A953}.Debug|Any CPU.ActiveCfg = Debug|Any CPU
		{9376EBDB-33BD-4B12-AC2B-69D94CB4A953}.Debug|Any CPU.Build.0 = Debug|Any CPU
		{9376EBDB-33BD-4B12-AC2B-69D94CB4A953}.Release|Any CPU.ActiveCfg = Release|Any CPU
		{9376EBDB-33BD-4B12-AC2B-69D94CB4A953}.Release|Any CPU.Build.0 = Release|Any CPU
	EndGlobalSection
	GlobalSection(SolutionProperties) = preSolution
		HideSolutionNode = FALSE
	EndGlobalSection
	GlobalSection(ExtensibilityGlobals) = postSolution
		SolutionGuid = {7591AE5D-3FB8-4CE7-8167-48F47BD25C13}
	EndGlobalSection
EndGlobal
